
Microsoft Visual Studio Solution File, Format Version 12.00
# Visual Studio Version 17
VisualStudioVersion = 17.9.34701.34
MinimumVisualStudioVersion = 10.0.40219.1
Project("{FAE04EC0-301F-11D3-BF4B-00C04F79EFBC}") = "WpfApp1", "WpfApp1.csproj", "{C24E4AEE-4E8D-42F7-9AC7-C7C99DB0E852}"
EndProject
Global
	GlobalSection(SolutionConfigurationPlatforms) = preSolution
		Debug|Any CPU = Debug|Any CPU
		Release|Any CPU = Release|Any CPU
	EndGlobalSection
	GlobalSection(ProjectConfigurationPlatforms) = postSolution
		{C24E4AEE-4E8D-42F7-9AC7-C7C99DB0E852}.Debug|Any CPU.ActiveCfg = Debug|Any CPU
		{C24E4AEE-4E8D-42F7-9AC7-C7C99DB0E852}.Debug|Any CPU.Build.0 = Debug|Any CPU
		{C24E4AEE-4E8D-42F7-9AC7-C7C99DB0E852}.Release|Any CPU.ActiveCfg = Release|Any CPU
		{C24E4AEE-4E8D-42F7-9AC7-C7C99DB0E852}.Release|Any CPU.Build.0 = Release|Any CPU
	EndGlobalSection
	GlobalSection(SolutionProperties) = preSolution
		HideSolutionNode = FALSE
	EndGlobalSection
	GlobalSection(ExtensibilityGlobals) = postSolution
		SolutionGuid = {383C7498-2280-4447-A8F5-822CF0D90032}
	EndGlobalSection
EndGlobal
